# This file is automatically @generated by Cargo.
# It is not intended for manual editing.
version = 4

[[package]]
name = "interp"
version = "0.1.0"

[[package]]
name = "lexer"
version = "0.1.0"

[[package]]
name = "parser"
version = "0.1.0"
dependencies = [
 "lexer",
]

[[package]]
name = "vi"
version = "0.1.0"
dependencies = [
 "parser",
]
